{
  "name": "@dtt_wow/skills-hub",
  "version": "1.0.0",
  "lockfileVersion": 3,
  "requires": true,
  "packages": {
    "": {
      "name": "@dtt_wow/skills-hub",
      "version": "1.0.0",
      "hasInstallScript": true,
      "dependencies": {
        "@dtt_wow/skills-hub": "^1.0.0"
      },
      "engines": {
        "node": ">=14.0.0"
      }
    },
    "node_modules/@dtt_wow/skills-hub": {
      "version": "1.0.0",
      "resolved": "https://registry.npmjs.org/@dtt_wow/skills-hub/-/skills-hub-1.0.0.tgz",
      "integrity": "sha512-tRdGJllOc+aviffl+h5hOEV9SstVjGJQP+7DsSNudR5lefuxGNR9iH4q08cPDnOT/v63wKDxjxBPgmR9GZXKdA==",
      "hasInstallScript": true,
      "engines": {
        "node": ">=14.0.0"
      }
    }
  }
}
